// !$*UTF8*$!
{
	archiveVersion = 1;
	classes = {
	};
	objectVersion = 56;
	objects = {

/* Begin PBXBuildFile section */
		74180EE22A662CCE005C1BD3 /* SwiftUI_simple_applicationApp.swift in Sources */ = {isa = PBXBuildFile; fileRef = 74180EE12A662CCE005C1BD3 /* SwiftUI_simple_applicationApp.swift */; };
		74180EE42A662CCE005C1BD3 /* ContentView.swift in Sources */ = {isa = PBXBuildFile; fileRef = 74180EE32A662CCE005C1BD3 /* ContentView.swift */; };
		74180EE62A662CCF005C1BD3 /* Assets.xcassets in Resources */ = {isa = PBXBuildFile; fileRef = 74180EE52A662CCF005C1BD3 /* Assets.xcassets */; };
		74180EE92A662CCF005C1BD3 /* Preview Assets.xcassets in Resources */ = {isa = PBXBuildFile; fileRef = 74180EE82A662CCF005C1BD3 /* Preview Assets.xcassets */; };
		74FBFD822A6632CB00C06BCF /* APIManager.swift in Sources */ = {isa = PBXBuildFile; fileRef = 74FBFD812A6632CB00C06BCF /* APIManager.swift */; };
		74FBFD852A66333200C06BCF /* Constants.swift in Sources */ = {isa = PBXBuildFile; fileRef = 74FBFD842A66333200C06BCF /* Constants.swift */; };
		74FBFD872A6633A600C06BCF /* PeopleDTO.swift in Sources */ = {isa = PBXBuildFile; fileRef = 74FBFD862A6633A600C06BCF /* PeopleDTO.swift */; };
		74FBFD8A2A6633DC00C06BCF /* People.swift in Sources */ = {isa = PBXBuildFile; fileRef = 74FBFD892A6633DC00C06BCF /* People.swift */; };
		74FBFD8E2A66343900C06BCF /* Coordinator.swift in Sources */ = {isa = PBXBuildFile; fileRef = 74FBFD8D2A66343900C06BCF /* Coordinator.swift */; };
		74FBFD902A6634AB00C06BCF /* Router.swift in Sources */ = {isa = PBXBuildFile; fileRef = 74FBFD8F2A6634AB00C06BCF /* Router.swift */; };
/* End PBXBuildFile section */

/* Begin PBXFileReference section */
		74180EDE2A662CCE005C1BD3 /* SwiftUI simple application.app */ = {isa = PBXFileReference; explicitFileType = wrapper.application; includeInIndex = 0; path = "SwiftUI simple application.app"; sourceTree = BUILT_PRODUCTS_DIR; };
		74180EE12A662CCE005C1BD3 /* SwiftUI_simple_applicationApp.swift */ = {isa = PBXFileReference; lastKnownFileType = sourcecode.swift; path = SwiftUI_simple_applicationApp.swift; sourceTree = "<group>"; };
		74180EE32A662CCE005C1BD3 /* ContentView.swift */ = {isa = PBXFileReference; lastKnownFileType = sourcecode.swift; path = ContentView.swift; sourceTree = "<group>"; };
		74180EE52A662CCF005C1BD3 /* Assets.xcassets */ = {isa = PBXFileReference; lastKnownFileType = folder.assetcatalog; path = Assets.xcassets; sourceTree = "<group>"; };
		74180EE82A662CCF005C1BD3 /* Preview Assets.xcassets */ = {isa = PBXFileReference; lastKnownFileType = folder.assetcatalog; path = "Preview Assets.xcassets"; sourceTree = "<group>"; };
		74FBFD812A6632CB00C06BCF /* APIManager.swift */ = {isa = PBXFileReference; lastKnownFileType = sourcecode.swift; path = APIManager.swift; sourceTree = "<group>"; };
		74FBFD842A66333200C06BCF /* Constants.swift */ = {isa = PBXFileReference; lastKnownFileType = sourcecode.swift; path = Constants.swift; sourceTree = "<group>"; };
		74FBFD862A6633A600C06BCF /* PeopleDTO.swift */ = {isa = PBXFileReference; lastKnownFileType = sourcecode.swift; path = PeopleDTO.swift; sourceTree = "<group>"; };
		74FBFD892A6633DC00C06BCF /* People.swift */ = {isa = PBXFileReference; lastKnownFileType = sourcecode.swift; path = People.swift; sourceTree = "<group>"; };
		74FBFD8D2A66343900C06BCF /* Coordinator.swift */ = {isa = PBXFileReference; lastKnownFileType = sourcecode.swift; path = Coordinator.swift; sourceTree = "<group>"; };
		74FBFD8F2A6634AB00C06BCF /* Router.swift */ = {isa = PBXFileReference; lastKnownFileType = sourcecode.swift; path = Router.swift; sourceTree = "<group>"; };
/* End PBXFileReference section */

/* Begin PBXFrameworksBuildPhase section */
		74180EDB2A662CCE005C1BD3 /* Frameworks */ = {
			isa = PBXFrameworksBuildPhase;
			buildActionMask = 2147483647;
			files = (
			);
			runOnlyForDeploymentPostprocessing = 0;
		};
/* End PBXFrameworksBuildPhase section */

/* Begin PBXGroup section */
		74180ED52A662CCE005C1BD3 = {
			isa = PBXGroup;
			children = (
				74180EE02A662CCE005C1BD3 /* SwiftUI simple application */,
				74180EDF2A662CCE005C1BD3 /* Products */,
			);
			sourceTree = "<group>";
		};
		74180EDF2A662CCE005C1BD3 /* Products */ = {
			isa = PBXGroup;
			children = (
				74180EDE2A662CCE005C1BD3 /* SwiftUI simple application.app */,
			);
			name = Products;
			sourceTree = "<group>";
		};
		74180EE02A662CCE005C1BD3 /* SwiftUI simple application */ = {
			isa = PBXGroup;
			children = (
				74FBFD7D2A66326800C06BCF /* Data */,
				74FBFD7E2A66327400C06BCF /* Domain */,
				74FBFD7F2A66327F00C06BCF /* Views */,
				74FBFD832A66330900C06BCF /* Common */,
				74180EE12A662CCE005C1BD3 /* SwiftUI_simple_applicationApp.swift */,
				74180EE32A662CCE005C1BD3 /* ContentView.swift */,
				74180EE52A662CCF005C1BD3 /* Assets.xcassets */,
				74180EE72A662CCF005C1BD3 /* Preview Content */,
			);
			path = "SwiftUI simple application";
			sourceTree = "<group>";
		};
		74180EE72A662CCF005C1BD3 /* Preview Content */ = {
			isa = PBXGroup;
			children = (
				74180EE82A662CCF005C1BD3 /* Preview Assets.xcassets */,
			);
			path = "Preview Content";
			sourceTree = "<group>";
		};
		74FBFD7D2A66326800C06BCF /* Data */ = {
			isa = PBXGroup;
			children = (
				74FBFD802A6632A300C06BCF /* Networking */,
			);
			path = Data;
			sourceTree = "<group>";
		};
		74FBFD7E2A66327400C06BCF /* Domain */ = {
			isa = PBXGroup;
			children = (
				74FBFD912A66350000C06BCF /* UseCases */,
				74FBFD8C2A66341A00C06BCF /* Protocols */,
				74FBFD882A6633C600C06BCF /* Entities */,
			);
			path = Domain;
			sourceTree = "<group>";
		};
		74FBFD7F2A66327F00C06BCF /* Views */ = {
			isa = PBXGroup;
			children = (
			);
			path = Views;
			sourceTree = "<group>";
		};
		74FBFD802A6632A300C06BCF /* Networking */ = {
			isa = PBXGroup;
			children = (
				74FBFD812A6632CB00C06BCF /* APIManager.swift */,
				74FBFD862A6633A600C06BCF /* PeopleDTO.swift */,
			);
			path = Networking;
			sourceTree = "<group>";
		};
		74FBFD832A66330900C06BCF /* Common */ = {
			isa = PBXGroup;
			children = (
				74FBFD842A66333200C06BCF /* Constants.swift */,
			);
			path = Common;
			sourceTree = "<group>";
		};
		74FBFD882A6633C600C06BCF /* Entities */ = {
			isa = PBXGroup;
			children = (
				74FBFD892A6633DC00C06BCF /* People.swift */,
			);
			path = Entities;
			sourceTree = "<group>";
		};
		74FBFD8C2A66341A00C06BCF /* Protocols */ = {
			isa = PBXGroup;
			children = (
				74FBFD8D2A66343900C06BCF /* Coordinator.swift */,
				74FBFD8F2A6634AB00C06BCF /* Router.swift */,
			);
			path = Protocols;
			sourceTree = "<group>";
		};
		74FBFD912A66350000C06BCF /* UseCases */ = {
			isa = PBXGroup;
			children = (
			);
			path = UseCases;
			sourceTree = "<group>";
		};
/* End PBXGroup section */

/* Begin PBXNativeTarget section */
		74180EDD2A662CCE005C1BD3 /* SwiftUI simple application */ = {
			isa = PBXNativeTarget;
			buildConfigurationList = 74180EEC2A662CCF005C1BD3 /* Build configuration list for PBXNativeTarget "SwiftUI simple application" */;
			buildPhases = (
				74180EDA2A662CCE005C1BD3 /* Sources */,
				74180EDB2A662CCE005C1BD3 /* Frameworks */,
				74180EDC2A662CCE005C1BD3 /* Resources */,
			);
			buildRules = (
			);
			dependencies = (
			);
			name = "SwiftUI simple application";
			productName = "SwiftUI simple application";
			productReference = 74180EDE2A662CCE005C1BD3 /* SwiftUI simple application.app */;
			productType = "com.apple.product-type.application";
		};
/* End PBXNativeTarget section */

/* Begin PBXProject section */
		74180ED62A662CCE005C1BD3 /* Project object */ = {
			isa = PBXProject;
			attributes = {
				BuildIndependentTargetsInParallel = 1;
				LastSwiftUpdateCheck = 1420;
				LastUpgradeCheck = 1420;
				TargetAttributes = {
					74180EDD2A662CCE005C1BD3 = {
						CreatedOnToolsVersion = 14.2;
					};
				};
			};
			buildConfigurationList = 74180ED92A662CCE005C1BD3 /* Build configuration list for PBXProject "SwiftUI simple application" */;
			compatibilityVersion = "Xcode 14.0";
			developmentRegion = en;
			hasScannedForEncodings = 0;
			knownRegions = (
				en,
				Base,
			);
			mainGroup = 74180ED52A662CCE005C1BD3;
			productRefGroup = 74180EDF2A662CCE005C1BD3 /* Products */;
			projectDirPath = "";
			projectRoot = "";
			targets = (
				74180EDD2A662CCE005C1BD3 /* SwiftUI simple application */,
			);
		};
/* End PBXProject section */

/* Begin PBXResourcesBuildPhase section */
		74180EDC2A662CCE005C1BD3 /* Resources */ = {
			isa = PBXResourcesBuildPhase;
			buildActionMask = 2147483647;
			files = (
				74180EE92A662CCF005C1BD3 /* Preview Assets.xcassets in Resources */,
				74180EE62A662CCF005C1BD3 /* Assets.xcassets in Resources */,
			);
			runOnlyForDeploymentPostprocessing = 0;
		};
/* End PBXResourcesBuildPhase section */

/* Begin PBXSourcesBuildPhase section */
		74180EDA2A662CCE005C1BD3 /* Sources */ = {
			isa = PBXSourcesBuildPhase;
			buildActionMask = 2147483647;
			files = (
				74FBFD902A6634AB00C06BCF /* Router.swift in Sources */,
				74FBFD872A6633A600C06BCF /* PeopleDTO.swift in Sources */,
				74FBFD822A6632CB00C06BCF /* APIManager.swift in Sources */,
				74FBFD8E2A66343900C06BCF /* Coordinator.swift in Sources */,
				74180EE42A662CCE005C1BD3 /* ContentView.swift in Sources */,
				74180EE22A662CCE005C1BD3 /* SwiftUI_simple_applicationApp.swift in Sources */,
				74FBFD8A2A6633DC00C06BCF /* People.swift in Sources */,
				74FBFD852A66333200C06BCF /* Constants.swift in Sources */,
			);
			runOnlyForDeploymentPostprocessing = 0;
		};
/* End PBXSourcesBuildPhase section */

/* Begin XCBuildConfiguration section */
		74180EEA2A662CCF005C1BD3 /* Debug */ = {
			isa = XCBuildConfiguration;
			buildSettings = {
				ALWAYS_SEARCH_USER_PATHS = NO;
				CLANG_ANALYZER_NONNULL = YES;
				CLANG_ANALYZER_NUMBER_OBJECT_CONVERSION = YES_AGGRESSIVE;
				CLANG_CXX_LANGUAGE_STANDARD = "gnu++20";
				CLANG_ENABLE_MODULES = YES;
				CLANG_ENABLE_OBJC_ARC = YES;
				CLANG_ENABLE_OBJC_WEAK = YES;
				CLANG_WARN_BLOCK_CAPTURE_AUTORELEASING = YES;
				CLANG_WARN_BOOL_CONVERSION = YES;
				CLANG_WARN_COMMA = YES;
				CLANG_WARN_CONSTANT_CONVERSION = YES;
				CLANG_WARN_DEPRECATED_OBJC_IMPLEMENTATIONS = YES;
				CLANG_WARN_DIRECT_OBJC_ISA_USAGE = YES_ERROR;
				CLANG_WARN_DOCUMENTATION_COMMENTS = YES;
				CLANG_WARN_EMPTY_BODY = YES;
				CLANG_WARN_ENUM_CONVERSION = YES;
				CLANG_WARN_INFINITE_RECURSION = YES;
				CLANG_WARN_INT_CONVERSION = YES;
				CLANG_WARN_NON_LITERAL_NULL_CONVERSION = YES;
				CLANG_WARN_OBJC_IMPLICIT_RETAIN_SELF = YES;
				CLANG_WARN_OBJC_LITERAL_CONVERSION = YES;
				CLANG_WARN_OBJC_ROOT_CLASS = YES_ERROR;
				CLANG_WARN_QUOTED_INCLUDE_IN_FRAMEWORK_HEADER = YES;
				CLANG_WARN_RANGE_LOOP_ANALYSIS = YES;
				CLANG_WARN_STRICT_PROTOTYPES = YES;
				CLANG_WARN_SUSPICIOUS_MOVE = YES;
				CLANG_WARN_UNGUARDED_AVAILABILITY = YES_AGGRESSIVE;
				CLANG_WARN_UNREACHABLE_CODE = YES;
				CLANG_WARN__DUPLICATE_METHOD_MATCH = YES;
				COPY_PHASE_STRIP = NO;
				DEBUG_INFORMATION_FORMAT = dwarf;
				ENABLE_STRICT_OBJC_MSGSEND = YES;
				ENABLE_TESTABILITY = YES;
				GCC_C_LANGUAGE_STANDARD = gnu11;
				GCC_DYNAMIC_NO_PIC = NO;
				GCC_NO_COMMON_BLOCKS = YES;
				GCC_OPTIMIZATION_LEVEL = 0;
				GCC_PREPROCESSOR_DEFINITIONS = (
					"DEBUG=1",
					"$(inherited)",
				);
				GCC_WARN_64_TO_32_BIT_CONVERSION = YES;
				GCC_WARN_ABOUT_RETURN_TYPE = YES_ERROR;
				GCC_WARN_UNDECLARED_SELECTOR = YES;
				GCC_WARN_UNINITIALIZED_AUTOS = YES_AGGRESSIVE;
				GCC_WARN_UNUSED_FUNCTION = YES;
				GCC_WARN_UNUSED_VARIABLE = YES;
				IPHONEOS_DEPLOYMENT_TARGET = 16.2;
				MTL_ENABLE_DEBUG_INFO = INCLUDE_SOURCE;
				MTL_FAST_MATH = YES;
				ONLY_ACTIVE_ARCH = YES;
				SDKROOT = iphoneos;
				SWIFT_ACTIVE_COMPILATION_CONDITIONS = DEBUG;
				SWIFT_OPTIMIZATION_LEVEL = "-Onone";
			};
			name = Debug;
		};
		74180EEB2A662CCF005C1BD3 /* Release */ = {
			isa = XCBuildConfiguration;
			buildSettings = {
				ALWAYS_SEARCH_USER_PATHS = NO;
				CLANG_ANALYZER_NONNULL = YES;
				CLANG_ANALYZER_NUMBER_OBJECT_CONVERSION = YES_AGGRESSIVE;
				CLANG_CXX_LANGUAGE_STANDARD = "gnu++20";
				CLANG_ENABLE_MODULES = YES;
				CLANG_ENABLE_OBJC_ARC = YES;
				CLANG_ENABLE_OBJC_WEAK = YES;
				CLANG_WARN_BLOCK_CAPTURE_AUTORELEASING = YES;
				CLANG_WARN_BOOL_CONVERSION = YES;
				CLANG_WARN_COMMA = YES;
				CLANG_WARN_CONSTANT_CONVERSION = YES;
				CLANG_WARN_DEPRECATED_OBJC_IMPLEMENTATIONS = YES;
				CLANG_WARN_DIRECT_OBJC_ISA_USAGE = YES_ERROR;
				CLANG_WARN_DOCUMENTATION_COMMENTS = YES;
				CLANG_WARN_EMPTY_BODY = YES;
				CLANG_WARN_ENUM_CONVERSION = YES;
				CLANG_WARN_INFINITE_RECURSION = YES;
				CLANG_WARN_INT_CONVERSION = YES;
				CLANG_WARN_NON_LITERAL_NULL_CONVERSION = YES;
				CLANG_WARN_OBJC_IMPLICIT_RETAIN_SELF = YES;
				CLANG_WARN_OBJC_LITERAL_CONVERSION = YES;
				CLANG_WARN_OBJC_ROOT_CLASS = YES_ERROR;
				CLANG_WARN_QUOTED_INCLUDE_IN_FRAMEWORK_HEADER = YES;
				CLANG_WARN_RANGE_LOOP_ANALYSIS = YES;
				CLANG_WARN_STRICT_PROTOTYPES = YES;
				CLANG_WARN_SUSPICIOUS_MOVE = YES;
				CLANG_WARN_UNGUARDED_AVAILABILITY = YES_AGGRESSIVE;
				CLANG_WARN_UNREACHABLE_CODE = YES;
				CLANG_WARN__DUPLICATE_METHOD_MATCH = YES;
				COPY_PHASE_STRIP = NO;
				DEBUG_INFORMATION_FORMAT = "dwarf-with-dsym";
				ENABLE_NS_ASSERTIONS = NO;
				ENABLE_STRICT_OBJC_MSGSEND = YES;
				GCC_C_LANGUAGE_STANDARD = gnu11;
				GCC_NO_COMMON_BLOCKS = YES;
				GCC_WARN_64_TO_32_BIT_CONVERSION = YES;
				GCC_WARN_ABOUT_RETURN_TYPE = YES_ERROR;
				GCC_WARN_UNDECLARED_SELECTOR = YES;
				GCC_WARN_UNINITIALIZED_AUTOS = YES_AGGRESSIVE;
				GCC_WARN_UNUSED_FUNCTION = YES;
				GCC_WARN_UNUSED_VARIABLE = YES;
				IPHONEOS_DEPLOYMENT_TARGET = 16.2;
				MTL_ENABLE_DEBUG_INFO = NO;
				MTL_FAST_MATH = YES;
				SDKROOT = iphoneos;
				SWIFT_COMPILATION_MODE = wholemodule;
				SWIFT_OPTIMIZATION_LEVEL = "-O";
				VALIDATE_PRODUCT = YES;
			};
			name = Release;
		};
		74180EED2A662CCF005C1BD3 /* Debug */ = {
			isa = XCBuildConfiguration;
			buildSettings = {
				ASSETCATALOG_COMPILER_APPICON_NAME = AppIcon;
				ASSETCATALOG_COMPILER_GLOBAL_ACCENT_COLOR_NAME = AccentColor;
				CODE_SIGN_STYLE = Automatic;
				CURRENT_PROJECT_VERSION = 1;
				DEVELOPMENT_ASSET_PATHS = "\"SwiftUI simple application/Preview Content\"";
				ENABLE_PREVIEWS = YES;
				GENERATE_INFOPLIST_FILE = YES;
				INFOPLIST_KEY_UIApplicationSceneManifest_Generation = YES;
				INFOPLIST_KEY_UIApplicationSupportsIndirectInputEvents = YES;
				INFOPLIST_KEY_UILaunchScreen_Generation = YES;
				INFOPLIST_KEY_UISupportedInterfaceOrientations_iPad = "UIInterfaceOrientationPortrait UIInterfaceOrientationPortraitUpsideDown UIInterfaceOrientationLandscapeLeft UIInterfaceOrientationLandscapeRight";
				INFOPLIST_KEY_UISupportedInterfaceOrientations_iPhone = "UIInterfaceOrientationPortrait UIInterfaceOrientationLandscapeLeft UIInterfaceOrientationLandscapeRight";
				LD_RUNPATH_SEARCH_PATHS = (
					"$(inherited)",
					"@executable_path/Frameworks",
				);
				MARKETING_VERSION = 1.0;
				PRODUCT_BUNDLE_IDENTIFIER = "developer.gerald.SwiftUI-simple-application";
				PRODUCT_NAME = "$(TARGET_NAME)";
				SWIFT_EMIT_LOC_STRINGS = YES;
				SWIFT_VERSION = 5.0;
				TARGETED_DEVICE_FAMILY = "1,2";
			};
			name = Debug;
		};
		74180EEE2A662CCF005C1BD3 /* Release */ = {
			isa = XCBuildConfiguration;
			buildSettings = {
				ASSETCATALOG_COMPILER_APPICON_NAME = AppIcon;
				ASSETCATALOG_COMPILER_GLOBAL_ACCENT_COLOR_NAME = AccentColor;
				CODE_SIGN_STYLE = Automatic;
				CURRENT_PROJECT_VERSION = 1;
				DEVELOPMENT_ASSET_PATHS = "\"SwiftUI simple application/Preview Content\"";
				ENABLE_PREVIEWS = YES;
				GENERATE_INFOPLIST_FILE = YES;
				INFOPLIST_KEY_UIApplicationSceneManifest_Generation = YES;
				INFOPLIST_KEY_UIApplicationSupportsIndirectInputEvents = YES;
				INFOPLIST_KEY_UILaunchScreen_Generation = YES;
				INFOPLIST_KEY_UISupportedInterfaceOrientations_iPad = "UIInterfaceOrientationPortrait UIInterfaceOrientationPortraitUpsideDown UIInterfaceOrientationLandscapeLeft UIInterfaceOrientationLandscapeRight";
				INFOPLIST_KEY_UISupportedInterfaceOrientations_iPhone = "UIInterfaceOrientationPortrait UIInterfaceOrientationLandscapeLeft UIInterfaceOrientationLandscapeRight";
				LD_RUNPATH_SEARCH_PATHS = (
					"$(inherited)",
					"@executable_path/Frameworks",
				);
				MARKETING_VERSION = 1.0;
				PRODUCT_BUNDLE_IDENTIFIER = "developer.gerald.SwiftUI-simple-application";
				PRODUCT_NAME = "$(TARGET_NAME)";
				SWIFT_EMIT_LOC_STRINGS = YES;
				SWIFT_VERSION = 5.0;
				TARGETED_DEVICE_FAMILY = "1,2";
			};
			name = Release;
		};
/* End XCBuildConfiguration section */

/* Begin XCConfigurationList section */
		74180ED92A662CCE005C1BD3 /* Build configuration list for PBXProject "SwiftUI simple application" */ = {
			isa = XCConfigurationList;
			buildConfigurations = (
				74180EEA2A662CCF005C1BD3 /* Debug */,
				74180EEB2A662CCF005C1BD3 /* Release */,
			);
			defaultConfigurationIsVisible = 0;
			defaultConfigurationName = Release;
		};
		74180EEC2A662CCF005C1BD3 /* Build configuration list for PBXNativeTarget "SwiftUI simple application" */ = {
			isa = XCConfigurationList;
			buildConfigurations = (
				74180EED2A662CCF005C1BD3 /* Debug */,
				74180EEE2A662CCF005C1BD3 /* Release */,
			);
			defaultConfigurationIsVisible = 0;
			defaultConfigurationName = Release;
		};
/* End XCConfigurationList section */
	};
	rootObject = 74180ED62A662CCE005C1BD3 /* Project object */;
}
